
Microsoft Visual Studio Solution File, Format Version 12.00
# Visual Studio 2012
Project("{8BC9CEB8-8B4A-11D0-8D11-00A0C91BC942}") = "library", "library\library.vcxproj", "{8E1C1308-A71D-41F5-B88E-832378D1CD52}"
EndProject
Global
	GlobalSection(SolutionConfigurationPlatforms) = preSolution
		Debug|Win32 = Debug|Win32
		Release|Win32 = Release|Win32
	EndGlobalSection
	GlobalSection(ProjectConfigurationPlatforms) = postSolution
		{8E1C1308-A71D-41F5-B88E-832378D1CD52}.Debug|Win32.ActiveCfg = Debug|Win32
		{8E1C1308-A71D-41F5-B88E-832378D1CD52}.Debug|Win32.Build.0 = Debug|Win32
		{8E1C1308-A71D-41F5-B88E-832378D1CD52}.Release|Win32.ActiveCfg = Release|Win32
		{8E1C1308-A71D-41F5-B88E-832378D1CD52}.Release|Win32.Build.0 = Release|Win32
	EndGlobalSection
	GlobalSection(SolutionProperties) = preSolution
		HideSolutionNode = FALSE
	EndGlobalSection
EndGlobal
